
Microsoft Visual Studio Solution File, Format Version 12.00
# Visual Studio Version 17
VisualStudioVersion = 17.0.31903.59
MinimumVisualStudioVersion = 10.0.40219.1
Project("{2150E333-8FDC-42A3-9474-1A3956D46DE8}") = "src", "src", "{827E0CD3-B72D-47B6-A68D-7590B98EB39B}"
EndProject
Project("{FAE04EC0-301F-11D3-BF4B-00C04F79EFBC}") = "BlueIdea.Shared", "src\BlueIdea.Shared\BlueIdea.Shared.csproj", "{B081A7ED-F16E-4108-A4CF-877BDA5144AB}"
EndProject
Project("{FAE04EC0-301F-11D3-BF4B-00C04F79EFBC}") = "BlueIdea.Domain", "src\BlueIdea.Domain\BlueIdea.Domain.csproj", "{561C8FD6-F48D-4A10-B40B-02F92E829648}"
EndProject
Project("{FAE04EC0-301F-11D3-BF4B-00C04F79EFBC}") = "BlueIdea.Workflow", "src\BlueIdea.Workflow\BlueIdea.Workflow.csproj", "{B9FCF24E-1A50-4ED6-A947-0653A673EA5E}"
EndProject
Project("{FAE04EC0-301F-11D3-BF4B-00C04F79EFBC}") = "BlueIdea.Scoring", "src\BlueIdea.Scoring\BlueIdea.Scoring.csproj", "{17ED26BE-0B4C-4DDA-8081-F74609D337E8}"
EndProject
Project("{FAE04EC0-301F-11D3-BF4B-00C04F79EFBC}") = "BlueIdea.Ai", "src\BlueIdea.Ai\BlueIdea.Ai.csproj", "{7295CB4F-3247-4156-900D-0CB32123BE7A}"
EndProject
Project("{2150E333-8FDC-42A3-9474-1A3956D46DE8}") = "tests", "tests", "{0AB3BF05-4346-4AA6-1389-037BE0695223}"
EndProject
Project("{FAE04EC0-301F-11D3-BF4B-00C04F79EFBC}") = "BlueIdea.UnitTests", "tests\BlueIdea.UnitTests\BlueIdea.UnitTests.csproj", "{C52EC1E9-D90E-4AF4-8C45-3FFBA85152D8}"
EndProject
Project("{FAE04EC0-301F-11D3-BF4B-00C04F79EFBC}") = "BlueIdea.Application", "src\BlueIdea.Application\BlueIdea.Application.csproj", "{78991531-05E3-439C-94BD-07B3DFB695CA}"
EndProject
Project("{FAE04EC0-301F-11D3-BF4B-00C04F79EFBC}") = "BlueIdea.Infrastructure", "src\BlueIdea.Infrastructure\BlueIdea.Infrastructure.csproj", "{BE994076-080D-43F9-B2FA-FDA2C3A93902}"
EndProject
Project("{FAE04EC0-301F-11D3-BF4B-00C04F79EFBC}") = "BlueIdea.Reporting", "src\BlueIdea.Reporting\BlueIdea.Reporting.csproj", "{60287C79-7A26-4702-9A2C-4360D7B4B8CE}"
EndProject
Project("{FAE04EC0-301F-11D3-BF4B-00C04F79EFBC}") = "BlueIdea.Api", "src\BlueIdea.Api\BlueIdea.Api.csproj", "{85970A28-9125-476B-ABFF-A82CE7E29AB4}"
EndProject
Project("{FAE04EC0-301F-11D3-BF4B-00C04F79EFBC}") = "BlueIdea.IntegrationTests", "tests\BlueIdea.IntegrationTests\BlueIdea.IntegrationTests.csproj", "{58C203D9-EF0F-4B67-9E70-2F5D7B885A21}"
EndProject
Global
	GlobalSection(SolutionConfigurationPlatforms) = preSolution
		Debug|Any CPU = Debug|Any CPU
		Debug|x64 = Debug|x64
		Debug|x86 = Debug|x86
		Release|Any CPU = Release|Any CPU
		Release|x64 = Release|x64
		Release|x86 = Release|x86
	EndGlobalSection
	GlobalSection(ProjectConfigurationPlatforms) = postSolution
		{B081A7ED-F16E-4108-A4CF-877BDA5144AB}.Debug|Any CPU.ActiveCfg = Debug|Any CPU
		{B081A7ED-F16E-4108-A4CF-877BDA5144AB}.Debug|Any CPU.Build.0 = Debug|Any CPU
		{B081A7ED-F16E-4108-A4CF-877BDA5144AB}.Debug|x64.ActiveCfg = Debug|Any CPU
		{B081A7ED-F16E-4108-A4CF-877BDA5144AB}.Debug|x64.Build.0 = Debug|Any CPU
		{B081A7ED-F16E-4108-A4CF-877BDA5144AB}.Debug|x86.ActiveCfg = Debug|Any CPU
		{B081A7ED-F16E-4108-A4CF-877BDA5144AB}.Debug|x86.Build.0 = Debug|Any CPU
		{B081A7ED-F16E-4108-A4CF-877BDA5144AB}.Release|Any CPU.ActiveCfg = Release|Any CPU
		{B081A7ED-F16E-4108-A4CF-877BDA5144AB}.Release|Any CPU.Build.0 = Release|Any CPU
		{B081A7ED-F16E-4108-A4CF-877BDA5144AB}.Release|x64.ActiveCfg = Release|Any CPU
		{B081A7ED-F16E-4108-A4CF-877BDA5144AB}.Release|x64.Build.0 = Release|Any CPU
		{B081A7ED-F16E-4108-A4CF-877BDA5144AB}.Release|x86.ActiveCfg = Release|Any CPU
		{B081A7ED-F16E-4108-A4CF-877BDA5144AB}.Release|x86.Build.0 = Release|Any CPU
		{561C8FD6-F48D-4A10-B40B-02F92E829648}.Debug|Any CPU.ActiveCfg = Debug|Any CPU
		{561C8FD6-F48D-4A10-B40B-02F92E829648}.Debug|Any CPU.Build.0 = Debug|Any CPU
		{561C8FD6-F48D-4A10-B40B-02F92E829648}.Debug|x64.ActiveCfg = Debug|Any CPU
		{561C8FD6-F48D-4A10-B40B-02F92E829648}.Debug|x64.Build.0 = Debug|Any CPU
		{561C8FD6-F48D-4A10-B40B-02F92E829648}.Debug|x86.ActiveCfg = Debug|Any CPU
		{561C8FD6-F48D-4A10-B40B-02F92E829648}.Debug|x86.Build.0 = Debug|Any CPU
		{561C8FD6-F48D-4A10-B40B-02F92E829648}.Release|Any CPU.ActiveCfg = Release|Any CPU
		{561C8FD6-F48D-4A10-B40B-02F92E829648}.Release|Any CPU.Build.0 = Release|Any CPU
		{561C8FD6-F48D-4A10-B40B-02F92E829648}.Release|x64.ActiveCfg = Release|Any CPU
		{561C8FD6-F48D-4A10-B40B-02F92E829648}.Release|x64.Build.0 = Release|Any CPU
		{561C8FD6-F48D-4A10-B40B-02F92E829648}.Release|x86.ActiveCfg = Release|Any CPU
		{561C8FD6-F48D-4A10-B40B-02F92E829648}.Release|x86.Build.0 = Release|Any CPU
		{B9FCF24E-1A50-4ED6-A947-0653A673EA5E}.Debug|Any CPU.ActiveCfg = Debug|Any CPU
		{B9FCF24E-1A50-4ED6-A947-0653A673EA5E}.Debug|Any CPU.Build.0 = Debug|Any CPU
		{B9FCF24E-1A50-4ED6-A947-0653A673EA5E}.Debug|x64.ActiveCfg = Debug|Any CPU
		{B9FCF24E-1A50-4ED6-A947-0653A673EA5E}.Debug|x64.Build.0 = Debug|Any CPU
		{B9FCF24E-1A50-4ED6-A947-0653A673EA5E}.Debug|x86.ActiveCfg = Debug|Any CPU
		{B9FCF24E-1A50-4ED6-A947-0653A673EA5E}.Debug|x86.Build.0 = Debug|Any CPU
		{B9FCF24E-1A50-4ED6-A947-0653A673EA5E}.Release|Any CPU.ActiveCfg = Release|Any CPU
		{B9FCF24E-1A50-4ED6-A947-0653A673EA5E}.Release|Any CPU.Build.0 = Release|Any CPU
		{B9FCF24E-1A50-4ED6-A947-0653A673EA5E}.Release|x64.ActiveCfg = Release|Any CPU
		{B9FCF24E-1A50-4ED6-A947-0653A673EA5E}.Release|x64.Build.0 = Release|Any CPU
		{B9FCF24E-1A50-4ED6-A947-0653A673EA5E}.Release|x86.ActiveCfg = Release|Any CPU
		{B9FCF24E-1A50-4ED6-A947-0653A673EA5E}.Release|x86.Build.0 = Release|Any CPU
		{17ED26BE-0B4C-4DDA-8081-F74609D337E8}.Debug|Any CPU.ActiveCfg = Debug|Any CPU
		{17ED26BE-0B4C-4DDA-8081-F74609D337E8}.Debug|Any CPU.Build.0 = Debug|Any CPU
		{17ED26BE-0B4C-4DDA-8081-F74609D337E8}.Debug|x64.ActiveCfg = Debug|Any CPU
		{17ED26BE-0B4C-4DDA-8081-F74609D337E8}.Debug|x64.Build.0 = Debug|Any CPU
		{17ED26BE-0B4C-4DDA-8081-F74609D337E8}.Debug|x86.ActiveCfg = Debug|Any CPU
		{17ED26BE-0B4C-4DDA-8081-F74609D337E8}.Debug|x86.Build.0 = Debug|Any CPU
		{17ED26BE-0B4C-4DDA-8081-F74609D337E8}.Release|Any CPU.ActiveCfg = Release|Any CPU
		{17ED26BE-0B4C-4DDA-8081-F74609D337E8}.Release|Any CPU.Build.0 = Release|Any CPU
		{17ED26BE-0B4C-4DDA-8081-F74609D337E8}.Release|x64.ActiveCfg = Release|Any CPU
		{17ED26BE-0B4C-4DDA-8081-F74609D337E8}.Release|x64.Build.0 = Release|Any CPU
		{17ED26BE-0B4C-4DDA-8081-F74609D337E8}.Release|x86.ActiveCfg = Release|Any CPU
		{17ED26BE-0B4C-4DDA-8081-F74609D337E8}.Release|x86.Build.0 = Release|Any CPU
		{7295CB4F-3247-4156-900D-0CB32123BE7A}.Debug|Any CPU.ActiveCfg = Debug|Any CPU
		{7295CB4F-3247-4156-900D-0CB32123BE7A}.Debug|Any CPU.Build.0 = Debug|Any CPU
		{7295CB4F-3247-4156-900D-0CB32123BE7A}.Debug|x64.ActiveCfg = Debug|Any CPU
		{7295CB4F-3247-4156-900D-0CB32123BE7A}.Debug|x64.Build.0 = Debug|Any CPU
		{7295CB4F-3247-4156-900D-0CB32123BE7A}.Debug|x86.ActiveCfg = Debug|Any CPU
		{7295CB4F-3247-4156-900D-0CB32123BE7A}.Debug|x86.Build.0 = Debug|Any CPU
		{7295CB4F-3247-4156-900D-0CB32123BE7A}.Release|Any CPU.ActiveCfg = Release|Any CPU
		{7295CB4F-3247-4156-900D-0CB32123BE7A}.Release|Any CPU.Build.0 = Release|Any CPU
		{7295CB4F-3247-4156-900D-0CB32123BE7A}.Release|x64.ActiveCfg = Release|Any CPU
		{7295CB4F-3247-4156-900D-0CB32123BE7A}.Release|x64.Build.0 = Release|Any CPU
		{7295CB4F-3247-4156-900D-0CB32123BE7A}.Release|x86.ActiveCfg = Release|Any CPU
		{7295CB4F-3247-4156-900D-0CB32123BE7A}.Release|x86.Build.0 = Release|Any CPU
		{C52EC1E9-D90E-4AF4-8C45-3FFBA85152D8}.Debug|Any CPU.ActiveCfg = Debug|Any CPU
		{C52EC1E9-D90E-4AF4-8C45-3FFBA85152D8}.Debug|Any CPU.Build.0 = Debug|Any CPU
		{C52EC1E9-D90E-4AF4-8C45-3FFBA85152D8}.Debug|x64.ActiveCfg = Debug|Any CPU
		{C52EC1E9-D90E-4AF4-8C45-3FFBA85152D8}.Debug|x64.Build.0 = Debug|Any CPU
		{C52EC1E9-D90E-4AF4-8C45-3FFBA85152D8}.Debug|x86.ActiveCfg = Debug|Any CPU
		{C52EC1E9-D90E-4AF4-8C45-3FFBA85152D8}.Debug|x86.Build.0 = Debug|Any CPU
		{C52EC1E9-D90E-4AF4-8C45-3FFBA85152D8}.Release|Any CPU.ActiveCfg = Release|Any CPU
		{C52EC1E9-D90E-4AF4-8C45-3FFBA85152D8}.Release|Any CPU.Build.0 = Release|Any CPU
		{C52EC1E9-D90E-4AF4-8C45-3FFBA85152D8}.Release|x64.ActiveCfg = Release|Any CPU
		{C52EC1E9-D90E-4AF4-8C45-3FFBA85152D8}.Release|x64.Build.0 = Release|Any CPU
		{C52EC1E9-D90E-4AF4-8C45-3FFBA85152D8}.Release|x86.ActiveCfg = Release|Any CPU
		{C52EC1E9-D90E-4AF4-8C45-3FFBA85152D8}.Release|x86.Build.0 = Release|Any CPU
		{78991531-05E3-439C-94BD-07B3DFB695CA}.Debug|Any CPU.ActiveCfg = Debug|Any CPU
		{78991531-05E3-439C-94BD-07B3DFB695CA}.Debug|Any CPU.Build.0 = Debug|Any CPU
		{78991531-05E3-439C-94BD-07B3DFB695CA}.Debug|x64.ActiveCfg = Debug|Any CPU
		{78991531-05E3-439C-94BD-07B3DFB695CA}.Debug|x64.Build.0 = Debug|Any CPU
		{78991531-05E3-439C-94BD-07B3DFB695CA}.Debug|x86.ActiveCfg = Debug|Any CPU
		{78991531-05E3-439C-94BD-07B3DFB695CA}.Debug|x86.Build.0 = Debug|Any CPU
		{78991531-05E3-439C-94BD-07B3DFB695CA}.Release|Any CPU.ActiveCfg = Release|Any CPU
		{78991531-05E3-439C-94BD-07B3DFB695CA}.Release|Any CPU.Build.0 = Release|Any CPU
		{78991531-05E3-439C-94BD-07B3DFB695CA}.Release|x64.ActiveCfg = Release|Any CPU
		{78991531-05E3-439C-94BD-07B3DFB695CA}.Release|x64.Build.0 = Release|Any CPU
		{78991531-05E3-439C-94BD-07B3DFB695CA}.Release|x86.ActiveCfg = Release|Any CPU
		{78991531-05E3-439C-94BD-07B3DFB695CA}.Release|x86.Build.0 = Release|Any CPU
		{BE994076-080D-43F9-B2FA-FDA2C3A93902}.Debug|Any CPU.ActiveCfg = Debug|Any CPU
		{BE994076-080D-43F9-B2FA-FDA2C3A93902}.Debug|Any CPU.Build.0 = Debug|Any CPU
		{BE994076-080D-43F9-B2FA-FDA2C3A93902}.Debug|x64.ActiveCfg = Debug|Any CPU
		{BE994076-080D-43F9-B2FA-FDA2C3A93902}.Debug|x64.Build.0 = Debug|Any CPU
		{BE994076-080D-43F9-B2FA-FDA2C3A93902}.Debug|x86.ActiveCfg = Debug|Any CPU
		{BE994076-080D-43F9-B2FA-FDA2C3A93902}.Debug|x86.Build.0 = Debug|Any CPU
		{BE994076-080D-43F9-B2FA-FDA2C3A93902}.Release|Any CPU.ActiveCfg = Release|Any CPU
		{BE994076-080D-43F9-B2FA-FDA2C3A93902}.Release|Any CPU.Build.0 = Release|Any CPU
		{BE994076-080D-43F9-B2FA-FDA2C3A93902}.Release|x64.ActiveCfg = Release|Any CPU
		{BE994076-080D-43F9-B2FA-FDA2C3A93902}.Release|x64.Build.0 = Release|Any CPU
		{BE994076-080D-43F9-B2FA-FDA2C3A93902}.Release|x86.ActiveCfg = Release|Any CPU
		{BE994076-080D-43F9-B2FA-FDA2C3A93902}.Release|x86.Build.0 = Release|Any CPU
		{60287C79-7A26-4702-9A2C-4360D7B4B8CE}.Debug|Any CPU.ActiveCfg = Debug|Any CPU
		{60287C79-7A26-4702-9A2C-4360D7B4B8CE}.Debug|Any CPU.Build.0 = Debug|Any CPU
		{60287C79-7A26-4702-9A2C-4360D7B4B8CE}.Debug|x64.ActiveCfg = Debug|Any CPU
		{60287C79-7A26-4702-9A2C-4360D7B4B8CE}.Debug|x64.Build.0 = Debug|Any CPU
		{60287C79-7A26-4702-9A2C-4360D7B4B8CE}.Debug|x86.ActiveCfg = Debug|Any CPU
		{60287C79-7A26-4702-9A2C-4360D7B4B8CE}.Debug|x86.Build.0 = Debug|Any CPU
		{60287C79-7A26-4702-9A2C-4360D7B4B8CE}.Release|Any CPU.ActiveCfg = Release|Any CPU
		{60287C79-7A26-4702-9A2C-4360D7B4B8CE}.Release|Any CPU.Build.0 = Release|Any CPU
		{60287C79-7A26-4702-9A2C-4360D7B4B8CE}.Release|x64.ActiveCfg = Release|Any CPU
		{60287C79-7A26-4702-9A2C-4360D7B4B8CE}.Release|x64.Build.0 = Release|Any CPU
		{60287C79-7A26-4702-9A2C-4360D7B4B8CE}.Release|x86.ActiveCfg = Release|Any CPU
		{60287C79-7A26-4702-9A2C-4360D7B4B8CE}.Release|x86.Build.0 = Release|Any CPU
		{85970A28-9125-476B-ABFF-A82CE7E29AB4}.Debug|Any CPU.ActiveCfg = Debug|Any CPU
		{85970A28-9125-476B-ABFF-A82CE7E29AB4}.Debug|Any CPU.Build.0 = Debug|Any CPU
		{85970A28-9125-476B-ABFF-A82CE7E29AB4}.Debug|x64.ActiveCfg = Debug|Any CPU
		{85970A28-9125-476B-ABFF-A82CE7E29AB4}.Debug|x64.Build.0 = Debug|Any CPU
		{85970A28-9125-476B-ABFF-A82CE7E29AB4}.Debug|x86.ActiveCfg = Debug|Any CPU
		{85970A28-9125-476B-ABFF-A82CE7E29AB4}.Debug|x86.Build.0 = Debug|Any CPU
		{85970A28-9125-476B-ABFF-A82CE7E29AB4}.Release|Any CPU.ActiveCfg = Release|Any CPU
		{85970A28-9125-476B-ABFF-A82CE7E29AB4}.Release|Any CPU.Build.0 = Release|Any CPU
		{85970A28-9125-476B-ABFF-A82CE7E29AB4}.Release|x64.ActiveCfg = Release|Any CPU
		{85970A28-9125-476B-ABFF-A82CE7E29AB4}.Release|x64.Build.0 = Release|Any CPU
		{85970A28-9125-476B-ABFF-A82CE7E29AB4}.Release|x86.ActiveCfg = Release|Any CPU
		{85970A28-9125-476B-ABFF-A82CE7E29AB4}.Release|x86.Build.0 = Release|Any CPU
		{58C203D9-EF0F-4B67-9E70-2F5D7B885A21}.Debug|Any CPU.ActiveCfg = Debug|Any CPU
		{58C203D9-EF0F-4B67-9E70-2F5D7B885A21}.Debug|Any CPU.Build.0 = Debug|Any CPU
		{58C203D9-EF0F-4B67-9E70-2F5D7B885A21}.Debug|x64.ActiveCfg = Debug|Any CPU
		{58C203D9-EF0F-4B67-9E70-2F5D7B885A21}.Debug|x64.Build.0 = Debug|Any CPU
		{58C203D9-EF0F-4B67-9E70-2F5D7B885A21}.Debug|x86.ActiveCfg = Debug|Any CPU
		{58C203D9-EF0F-4B67-9E70-2F5D7B885A21}.Debug|x86.Build.0 = Debug|Any CPU
		{58C203D9-EF0F-4B67-9E70-2F5D7B885A21}.Release|Any CPU.ActiveCfg = Release|Any CPU
		{58C203D9-EF0F-4B67-9E70-2F5D7B885A21}.Release|Any CPU.Build.0 = Release|Any CPU
		{58C203D9-EF0F-4B67-9E70-2F5D7B885A21}.Release|x64.ActiveCfg = Release|Any CPU
		{58C203D9-EF0F-4B67-9E70-2F5D7B885A21}.Release|x64.Build.0 = Release|Any CPU
		{58C203D9-EF0F-4B67-9E70-2F5D7B885A21}.Release|x86.ActiveCfg = Release|Any CPU
		{58C203D9-EF0F-4B67-9E70-2F5D7B885A21}.Release|x86.Build.0 = Release|Any CPU
	EndGlobalSection
	GlobalSection(SolutionProperties) = preSolution
		HideSolutionNode = FALSE
	EndGlobalSection
	GlobalSection(NestedProjects) = preSolution
		{B081A7ED-F16E-4108-A4CF-877BDA5144AB} = {827E0CD3-B72D-47B6-A68D-7590B98EB39B}
		{561C8FD6-F48D-4A10-B40B-02F92E829648} = {827E0CD3-B72D-47B6-A68D-7590B98EB39B}
		{B9FCF24E-1A50-4ED6-A947-0653A673EA5E} = {827E0CD3-B72D-47B6-A68D-7590B98EB39B}
		{17ED26BE-0B4C-4DDA-8081-F74609D337E8} = {827E0CD3-B72D-47B6-A68D-7590B98EB39B}
		{7295CB4F-3247-4156-900D-0CB32123BE7A} = {827E0CD3-B72D-47B6-A68D-7590B98EB39B}
		{C52EC1E9-D90E-4AF4-8C45-3FFBA85152D8} = {0AB3BF05-4346-4AA6-1389-037BE0695223}
		{78991531-05E3-439C-94BD-07B3DFB695CA} = {827E0CD3-B72D-47B6-A68D-7590B98EB39B}
		{BE994076-080D-43F9-B2FA-FDA2C3A93902} = {827E0CD3-B72D-47B6-A68D-7590B98EB39B}
		{60287C79-7A26-4702-9A2C-4360D7B4B8CE} = {827E0CD3-B72D-47B6-A68D-7590B98EB39B}
		{85970A28-9125-476B-ABFF-A82CE7E29AB4} = {827E0CD3-B72D-47B6-A68D-7590B98EB39B}
		{58C203D9-EF0F-4B67-9E70-2F5D7B885A21} = {0AB3BF05-4346-4AA6-1389-037BE0695223}
	EndGlobalSection
EndGlobal
